
Microsoft Visual Studio Solution File, Format Version 12.00
# Visual Studio Version 16
VisualStudioVersion = 16.0.32106.194
MinimumVisualStudioVersion = 10.0.40219.1
Project("{FAE04EC0-301F-11D3-BF4B-00C04F79EFBC}") = "PresentacionesAutomotrizx", "PresentacionesAutomotrizx\PresentacionesAutomotrizx.csproj", "{4FE82984-7046-4BB2-97B9-7163904EF950}"
EndProject
Global
	GlobalSection(SolutionConfigurationPlatforms) = preSolution
		Debug|Any CPU = Debug|Any CPU
		Release|Any CPU = Release|Any CPU
	EndGlobalSection
	GlobalSection(ProjectConfigurationPlatforms) = postSolution
		{4FE82984-7046-4BB2-97B9-7163904EF950}.Debug|Any CPU.ActiveCfg = Debug|Any CPU
		{4FE82984-7046-4BB2-97B9-7163904EF950}.Debug|Any CPU.Build.0 = Debug|Any CPU
		{4FE82984-7046-4BB2-97B9-7163904EF950}.Release|Any CPU.ActiveCfg = Release|Any CPU
		{4FE82984-7046-4BB2-97B9-7163904EF950}.Release|Any CPU.Build.0 = Release|Any CPU
	EndGlobalSection
	GlobalSection(SolutionProperties) = preSolution
		HideSolutionNode = FALSE
	EndGlobalSection
	GlobalSection(ExtensibilityGlobals) = postSolution
		SolutionGuid = {59934115-BDAF-4A29-AD08-7ED7C3E5E80B}
	EndGlobalSection
EndGlobal
